
Microsoft Visual Studio Solution File, Format Version 12.00
# Visual Studio 2013
VisualStudioVersion = 12.0.31101.0
MinimumVisualStudioVersion = 10.0.40219.1
Project("{FAE04EC0-301F-11D3-BF4B-00C04F79EFBC}") = "Bool.DevDay.Search", "Bool.DevDay.Search.csproj", "{7C113328-15CB-42B4-A83F-66D75457D05C}"
EndProject
Project("{2150E333-8FDC-42A3-9474-1A3956D46DE8}") = "Scripts", "Scripts", "{7F939BA0-33EA-4CEE-9C95-E60FFDEA1CBD}"
	ProjectSection(SolutionItems) = preProject
		Scripts\Configuration.Main.xml = Scripts\Configuration.Main.xml
		Scripts\Module.Main.psm1 = Scripts\Module.Main.psm1
		Scripts\Setup.SearchCenter.ps1 = Scripts\Setup.SearchCenter.ps1
		Scripts\Setup.SearchService.ps1 = Scripts\Setup.SearchService.ps1
	EndProjectSection
EndProject
Global
	GlobalSection(SolutionConfigurationPlatforms) = preSolution
		Debug|Any CPU = Debug|Any CPU
		Release|Any CPU = Release|Any CPU
	EndGlobalSection
	GlobalSection(ProjectConfigurationPlatforms) = postSolution
		{7C113328-15CB-42B4-A83F-66D75457D05C}.Debug|Any CPU.ActiveCfg = Debug|Any CPU
		{7C113328-15CB-42B4-A83F-66D75457D05C}.Debug|Any CPU.Build.0 = Debug|Any CPU
		{7C113328-15CB-42B4-A83F-66D75457D05C}.Debug|Any CPU.Deploy.0 = Debug|Any CPU
		{7C113328-15CB-42B4-A83F-66D75457D05C}.Release|Any CPU.ActiveCfg = Release|Any CPU
		{7C113328-15CB-42B4-A83F-66D75457D05C}.Release|Any CPU.Build.0 = Release|Any CPU
		{7C113328-15CB-42B4-A83F-66D75457D05C}.Release|Any CPU.Deploy.0 = Release|Any CPU
	EndGlobalSection
	GlobalSection(SolutionProperties) = preSolution
		HideSolutionNode = FALSE
	EndGlobalSection
EndGlobal
